{
  "name": "bookshelf-mcp",
  "version": "1.0.0",
  "lockfileVersion": 3,
  "requires": true,
  "packages": {
    "": {
      "name": "bookshelf-mcp",
      "version": "1.0.0",
      "dependencies": {
        "mcp-kit": "file:../../"
      }
    },
    "../..": {
      "version": "0.1.0",
      "license": "MIT",
      "dependencies": {
        "@huggingface/transformers": "^3.8.1",
        "@langfuse/otel": "^4.0.0",
        "@langfuse/tracing": "^4.0.0",
        "@modelcontextprotocol/ext-apps": "^1.2.0",
        "@modelcontextprotocol/sdk": "^1.25.1",
        "@opentelemetry/sdk-node": "^0.213.0",
        "@sentry/node": "^10.36.0",
        "axios": "^1.13.6",
        "cors": "^2.8.5",
        "express": "^5.2.1",
        "express-rate-limit": "^8.2.1",
        "open": "^11.0.0",
        "openid-client": "^6.8.1",
        "pg": "^8.18.0",
        "sharp": "file:./vendor/sharp-noop",
        "winston": "^3.18.3",
        "winston-daily-rotate-file": "^5.0.0",
        "zod": "^4.3.6"
      },
      "devDependencies": {
        "@eslint/js": "^10.0.1",
        "@vitest/coverage-v8": "^4.0.17",
        "ajv": "^8.18.0",
        "eslint": "^10.0.2",
        "eslint-config-prettier": "^10.1.8",
        "fast-check": "^4.6.0",
        "prettier": "^3.7.4",
        "vite": "^7.3.1",
        "vite-plugin-singlefile": "^2.3.0",
        "vitest": "^4.0.17"
      },
      "engines": {
        "node": ">=24.0.0",
        "npm": ">=11.6.0"
      }
    },
    "node_modules/mcp-kit": {
      "resolved": "../..",
      "link": true
    }
  }
}
